
Microsoft Visual Studio Solution File, Format Version 12.00
# Visual Studio Version 16
VisualStudioVersion = 16.0.31729.503
MinimumVisualStudioVersion = 10.0.40219.1
Project("{FAE04EC0-301F-11D3-BF4B-00C04F79EFBC}") = "GYL.ServicePlugIn", "GYL.ServicePlugIn.csproj", "{788662BC-8B87-49D2-A0B2-4D3B1DED015A}"
EndProject
Global
	GlobalSection(SolutionConfigurationPlatforms) = preSolution
		Debug|Any CPU = Debug|Any CPU
		Release|Any CPU = Release|Any CPU
	EndGlobalSection
	GlobalSection(ProjectConfigurationPlatforms) = postSolution
		{788662BC-8B87-49D2-A0B2-4D3B1DED015A}.Debug|Any CPU.ActiveCfg = Debug|Any CPU
		{788662BC-8B87-49D2-A0B2-4D3B1DED015A}.Debug|Any CPU.Build.0 = Debug|Any CPU
		{788662BC-8B87-49D2-A0B2-4D3B1DED015A}.Release|Any CPU.ActiveCfg = Release|Any CPU
		{788662BC-8B87-49D2-A0B2-4D3B1DED015A}.Release|Any CPU.Build.0 = Release|Any CPU
	EndGlobalSection
	GlobalSection(SolutionProperties) = preSolution
		HideSolutionNode = FALSE
	EndGlobalSection
	GlobalSection(ExtensibilityGlobals) = postSolution
		SolutionGuid = {115B0AD6-79EB-45C3-81F7-DD3AEBE1BFCE}
	EndGlobalSection
EndGlobal
